schema: '2.0'
stages:
  download_filings:
    cmd: .venv/bin/python -m src.data.download_filings
    deps:
    - path: src/data/download_filings.py
      hash: md5
      md5: b49ebc3a9b3d3e3c38e41f3f6b809bba
      size: 6248
    params:
      params.yaml:
        data.end_date: '2024-12-31'
        data.start_date: '2015-01-01'
    outs:
    - path: data/raw/filings/
      hash: md5
      md5: 410574cf3987db1be3a3608223eebb34.dir
      size: 447803748837
      nfiles: 31832
  download_prices:
    cmd: .venv/bin/python -m src.data.download_prices
    deps:
    - path: src/data/download_prices.py
      hash: md5
      md5: 033f74b60e4ddb0f00c2fd701fe03017
      size: 6519
    params:
      params.yaml:
        data.end_date: '2024-12-31'
        data.start_date: '2015-01-01'
    outs:
    - path: data/raw/prices/
      hash: md5
      md5: 4dc4604a35b97b94ef1f27de315ff3a7.dir
      size: 170088578
      nfiles: 503
  validate:
    cmd: .venv/bin/python -m src.data.validate
    deps:
    - path: data/raw/filings/
      hash: md5
      md5: 410574cf3987db1be3a3608223eebb34.dir
      size: 447803748837
      nfiles: 31832
    - path: data/raw/prices/
      hash: md5
      md5: 4dc4604a35b97b94ef1f27de315ff3a7.dir
      size: 170088578
      nfiles: 503
    - path: src/data/validate.py
      hash: md5
      md5: f92e4b4b7edc31236995f89f04473a89
      size: 6425
  features:
    cmd: .venv/bin/python -m src.features.fuse
    deps:
    - path: data/raw/filings/
      hash: md5
      md5: 410574cf3987db1be3a3608223eebb34.dir
      size: 447803748837
      nfiles: 31832
    - path: data/raw/prices/
      hash: md5
      md5: 4dc4604a35b97b94ef1f27de315ff3a7.dir
      size: 170088578
      nfiles: 503
    - path: src/features/fuse.py
      hash: md5
      md5: 50cb9f103b008b2cd0169ef95268fc3c
      size: 5850
    - path: src/features/tabular.py
      hash: md5
      md5: 673135f18aeef998a9b9b992fb60e428
      size: 8173
    - path: src/features/text_embeddings.py
      hash: md5
      md5: 1d3f33213f643fec689f02015c055932
      size: 5941
    outs:
    - path: data/processed/features.parquet
      hash: md5
      md5: 1c89894adce3ac06b86efb462f13fbde
      size: 90847146
  train:
    cmd: .venv/bin/python -m src.models.train
    deps:
    - path: data/processed/features.parquet
      hash: md5
      md5: 1c89894adce3ac06b86efb462f13fbde
      size: 90847146
    - path: src/models/train.py
      hash: md5
      md5: c07e648abdd00dae24001670aaacf52e
      size: 4069
    params:
      params.yaml:
        model:
          num_leaves: 31
          learning_rate: 0.05
          n_estimators: 300
          max_depth: -1
          subsample: 0.8
          colsample_bytree: 0.8
        train:
          test_size: 0.2
          random_state: 42
  evaluate:
    cmd: .venv/bin/python -m src.models.evaluate
    deps:
    - path: data/processed/features.parquet
      hash: md5
      md5: 1c89894adce3ac06b86efb462f13fbde
      size: 90847146
    - path: src/models/evaluate.py
      hash: md5
      md5: b06fdb1c408e50361a77e68b9d6de269
      size: 4608
    - path: src/models/train.py
      hash: md5
      md5: c07e648abdd00dae24001670aaacf52e
      size: 4069
    params:
      params.yaml:
        eval:
          recall_gate: 0.55
        model:
          num_leaves: 31
          learning_rate: 0.05
          n_estimators: 300
          max_depth: -1
          subsample: 0.8
          colsample_bytree: 0.8
        train:
          test_size: 0.2
          random_state: 42
    outs:
    - path: data/processed/eval_metrics.json
      hash: md5
      md5: 98d829de80a5d78940ac52261cb067f7
      size: 318
    - path: data/processed/eval_predictions.parquet
      hash: md5
      md5: 4730b32db80c1dae4afcb34316a993ed
      size: 33481
